{
  "version": 4,
  "terraform_version": "1.7.5",
  "serial": 20,
  "lineage": "a770edb3-578d-0972-d8d9-b2a051b7e938",
  "outputs": {},
  "resources": [
    {
      "module": "module.my_gcs",
      "mode": "managed",
      "type": "google_storage_bucket",
      "name": "bucket",
      "provider": "provider[\"registry.terraform.io/hashicorp/google\"]",
      "instances": [
        {
          "schema_version": 1,
          "attributes": {
            "autoclass": [],
            "cors": [],
            "custom_placement_config": [],
            "default_event_based_hold": false,
            "effective_labels": {
              "name": "test-bucket-545658354"
            },
            "enable_object_retention": false,
            "encryption": [],
            "force_destroy": false,
            "id": "test-bucket-545658354",
            "labels": {
              "name": "test-bucket-545658354"
            },
            "lifecycle_rule": [],
            "location": "US-WEST1",
            "logging": [],
            "name": "test-bucket-545658354",
            "project": "test-417517",
            "public_access_prevention": "inherited",
            "requester_pays": false,
            "retention_policy": [],
            "rpo": null,
            "self_link": "https://www.googleapis.com/storage/v1/b/test-bucket-545658354",
            "soft_delete_policy": [
              {
                "effective_time": "2024-06-13T08:22:31.916Z",
                "retention_duration_seconds": 604800
              }
            ],
            "storage_class": "REGIONAL",
            "terraform_labels": {
              "name": "test-bucket-545658354"
            },
            "timeouts": null,
            "uniform_bucket_level_access": true,
            "url": "gs://test-bucket-545658354",
            "versioning": [
              {
                "enabled": true
              }
            ],
            "website": []
          },
          "sensitive_attributes": [],
          "private": "eyJlMmJmYjczMC1lY2FhLTExZTYtOGY4OC0zNDM2M2JjN2M0YzAiOnsiY3JlYXRlIjo2MDAwMDAwMDAwMDAsInJlYWQiOjI0MDAwMDAwMDAwMCwidXBkYXRlIjoyNDAwMDAwMDAwMDB9LCJzY2hlbWFfdmVyc2lvbiI6IjEifQ=="
        }
      ]
    },
    {
      "module": "module.my_gcs",
      "mode": "managed",
      "type": "google_storage_bucket_iam_binding",
      "name": "storage_admin",
      "provider": "provider[\"registry.terraform.io/hashicorp/google\"]",
      "instances": [
        {
          "index_key": 0,
          "schema_version": 0,
          "attributes": {
            "bucket": "b/test-bucket-545658354",
            "condition": [],
            "etag": "CAI=",
            "id": "b/test-bucket-545658354/roles/storage.admin",
            "members": [
              "serviceAccount:396413313591-compute@developer.gserviceaccount.com"
            ],
            "role": "roles/storage.admin"
          },
          "sensitive_attributes": [],
          "private": "bnVsbA==",
          "dependencies": [
            "module.my_gcs.google_storage_bucket.bucket"
          ]
        }
      ]
    },
    {
      "module": "module.mysql-db",
      "mode": "data",
      "type": "google_compute_network",
      "name": "private_network",
      "provider": "provider[\"registry.terraform.io/hashicorp/google\"]",
      "instances": [
        {
          "schema_version": 0,
          "attributes": {
            "description": "Default network for the project",
            "gateway_ipv4": "",
            "id": "projects/test-417517/global/networks/default",
            "internal_ipv6_range": "",
            "name": "default",
            "project": "test-417517",
            "self_link": "https://www.googleapis.com/compute/v1/projects/test-417517/global/networks/default",
            "subnetworks_self_links": [
              "https://www.googleapis.com/compute/v1/projects/test-417517/regions/us-west3/subnetworks/default",
              "https://www.googleapis.com/compute/v1/projects/test-417517/regions/australia-southeast1/subnetworks/default",
              "https://www.googleapis.com/compute/v1/projects/test-417517/regions/asia-south2/subnetworks/default",
              "https://www.googleapis.com/compute/v1/projects/test-417517/regions/europe-west2/subnetworks/default",
              "https://www.googleapis.com/compute/v1/projects/test-417517/regions/europe-west9/subnetworks/default",
              "https://www.googleapis.com/compute/v1/projects/test-417517/regions/us-east7/subnetworks/default",
              "https://www.googleapis.com/compute/v1/projects/test-417517/regions/europe-north1/subnetworks/default",
              "https://www.googleapis.com/compute/v1/projects/test-417517/regions/us-south1/subnetworks/default",
              "https://www.googleapis.com/compute/v1/projects/test-417517/regions/europe-central2/subnetworks/default",
              "https://www.googleapis.com/compute/v1/projects/test-417517/regions/europe-west12/subnetworks/default",
              "https://www.googleapis.com/compute/v1/projects/test-417517/regions/europe-southwest1/subnetworks/default",
              "https://www.googleapis.com/compute/v1/projects/test-417517/regions/europe-west3/subnetworks/default",
              "https://www.googleapis.com/compute/v1/projects/test-417517/regions/asia-east2/subnetworks/default",
              "https://www.googleapis.com/compute/v1/projects/test-417517/regions/us-west8/subnetworks/default",
              "https://www.googleapis.com/compute/v1/projects/test-417517/regions/us-east1/subnetworks/default",
              "https://www.googleapis.com/compute/v1/projects/test-417517/regions/asia-south1/subnetworks/default",
              "https://www.googleapis.com/compute/v1/projects/test-417517/regions/europe-west6/subnetworks/default",
              "https://www.googleapis.com/compute/v1/projects/test-417517/regions/asia-northeast3/subnetworks/default",
              "https://www.googleapis.com/compute/v1/projects/test-417517/regions/africa-south1/subnetworks/default",
              "https://www.googleapis.com/compute/v1/projects/test-417517/regions/asia-east1/subnetworks/default",
              "https://www.googleapis.com/compute/v1/projects/test-417517/regions/me-west1/subnetworks/default",
              "https://www.googleapis.com/compute/v1/projects/test-417517/regions/me-central2/subnetworks/default",
              "https://www.googleapis.com/compute/v1/projects/test-417517/regions/us-west4/subnetworks/default",
              "https://www.googleapis.com/compute/v1/projects/test-417517/regions/asia-northeast1/subnetworks/default",
              "https://www.googleapis.com/compute/v1/projects/test-417517/regions/us-east5/subnetworks/default",
              "https://www.googleapis.com/compute/v1/projects/test-417517/regions/northamerica-northeast2/subnetworks/default",
              "https://www.googleapis.com/compute/v1/projects/test-417517/regions/europe-west10/subnetworks/default",
              "https://www.googleapis.com/compute/v1/projects/test-417517/regions/europe-west8/subnetworks/default",
              "https://www.googleapis.com/compute/v1/projects/test-417517/regions/asia-southeast1/subnetworks/default",
              "https://www.googleapis.com/compute/v1/projects/test-417517/regions/australia-southeast2/subnetworks/default",
              "https://www.googleapis.com/compute/v1/projects/test-417517/regions/asia-northeast2/subnetworks/default",
              "https://www.googleapis.com/compute/v1/projects/test-417517/regions/me-central1/subnetworks/default",
              "https://www.googleapis.com/compute/v1/projects/test-417517/regions/us-central1/subnetworks/default",
              "https://www.googleapis.com/compute/v1/projects/test-417517/regions/europe-west1/subnetworks/default",
              "https://www.googleapis.com/compute/v1/projects/test-417517/regions/us-east4/subnetworks/default",
              "https://www.googleapis.com/compute/v1/projects/test-417517/regions/northamerica-northeast1/subnetworks/default",
              "https://www.googleapis.com/compute/v1/projects/test-417517/regions/southamerica-east1/subnetworks/default",
              "https://www.googleapis.com/compute/v1/projects/test-417517/regions/us-west2/subnetworks/default",
              "https://www.googleapis.com/compute/v1/projects/test-417517/regions/southamerica-west1/subnetworks/default",
              "https://www.googleapis.com/compute/v1/projects/test-417517/regions/europe-west4/subnetworks/default",
              "https://www.googleapis.com/compute/v1/projects/test-417517/regions/asia-southeast2/subnetworks/default",
              "https://www.googleapis.com/compute/v1/projects/test-417517/regions/us-west1/subnetworks/default"
            ]
          },
          "sensitive_attributes": []
        }
      ]
    }
  ],
  "check_results": [
    {
      "object_kind": "var",
      "config_addr": "module.my_gcs.var.iam_roles",
      "status": "unknown",
      "objects": [
        {
          "object_addr": "module.my_gcs.var.iam_roles",
          "status": "unknown"
        }
      ]
    },
    {
      "object_kind": "var",
      "config_addr": "module.mysql-db.var.labels",
      "status": "pass",
      "objects": [
        {
          "object_addr": "module.mysql-db.var.labels",
          "status": "pass"
        }
      ]
    },
    {
      "object_kind": "var",
      "config_addr": "module.my_gcs.var.retention",
      "status": "unknown",
      "objects": [
        {
          "object_addr": "module.my_gcs.var.retention",
          "status": "unknown"
        }
      ]
    },
    {
      "object_kind": "var",
      "config_addr": "module.my_gcs.var.labels",
      "status": "unknown",
      "objects": [
        {
          "object_addr": "module.my_gcs.var.labels",
          "status": "unknown"
        }
      ]
    }
  ]
}
